{
  "name": "mern",
  "version": "0.1.0",
  "lockfileVersion": 1,
  "requires": true,
  "dependencies": {
    "@front10/landing-page-book": {
      "version": "1.3.1",
      "resolved": "https://registry.npmjs.org/@front10/landing-page-book/-/landing-page-book-1.3.1.tgz",
      "integrity": "sha512-+cB1TX+mRMccn2C+H7GoJyk1d7zoH7jQ5Upb3LSto5SAss6TqJm7m8Qras/Flxg9uSlsg01PnUcqG+tc0j+uNg==",
      "requires": {
        "bootstrap": "4.1.3",
        "codemirror": "5.40.2",
        "email-validator": "2.0.4",
        "font-awesome": "4.7.0",
        "google-map-react": "1.0.9",
        "graphql-syntax-highlighter-react": "0.3.5",
        "highlight.js": "9.13.1",
        "node-fetch": "2.2.0",
        "react": "16.6.0",
        "react-codemirror": "1.0.0",
        "react-copy-to-clipboard": "5.0.1",
        "react-dom": "16.6.0",
        "react-flags-select": "1.1.9",
        "react-ga": "2.5.3",
        "react-gif-player": "0.4.1",
        "react-json-pretty": "1.7.9",
        "react-lazy-hero": "0.4.0",
        "react-particles-js": "2.3.0",
        "react-player": "1.6.6",
        "react-share": "2.3.1",
        "react-stepzilla": "4.7.3"
      },
      "dependencies": {
        "bootstrap": {
          "version": "4.1.3",
          "resolved": "https://registry.npmjs.org/bootstrap/-/bootstrap-4.1.3.tgz",
          "integrity": "sha512-rDFIzgXcof0jDyjNosjv4Sno77X4KuPeFxG2XZZv1/Kc8DRVGVADdoQyyOVDwPqL36DDmtCQbrpMCqvpPLJQ0w=="
        },
        "font-awesome": {
          "version": "4.7.0",
          "resolved": "https://registry.npmjs.org/font-awesome/-/font-awesome-4.7.0.tgz",
          "integrity": "sha1-j6jPBBGhoxr9B7BtKQK7n8gVoTM="
        },
        "react": {
          "version": "16.6.0",
          "resolved": "https://registry.npmjs.org/react/-/react-16.6.0.tgz",
          "integrity": "sha512-zJPnx/jKtuOEXCbQ9BKaxDMxR0001/hzxXwYxG8septeyYGfsgAei6NgfbVgOhbY1WOP2o3VPs/E9HaN+9hV3Q==",
          "requires": {
            "loose-envify": "1.4.0",
            "object-assign": "4.1.1",
            "prop-types": "15.6.2",
            "scheduler": "0.10.0"
          }
        },
        "react-dom": {
          "version": "16.6.0",
          "resolved": "https://registry.npmjs.org/react-dom/-/react-dom-16.6.0.tgz",
          "integrity": "sha512-Stm2D9dXEUUAQdvpvhvFj/DEXwC2PAL/RwEMhoN4dvvD2ikTlJegEXf97xryg88VIAU22ZAP7n842l+9BTz6+w==",
          "requires": {
            "loose-envify": "1.4.0",
            "object-assign": "4.1.1",
            "prop-types": "15.6.2",
            "scheduler": "0.10.0"
          }
        }
      }
    },
    "@mapbox/point-geometry": {
      "version": "0.1.0",
      "resolved": "https://registry.npmjs.org/@mapbox/point-geometry/-/point-geometry-0.1.0.tgz",
      "integrity": "sha1-ioP5M1x4YO/6Lu7KJUMyqgru2PI="
    },
    "asap": {
      "version": "2.0.6",
      "resolved": "https://registry.npmjs.org/asap/-/asap-2.0.6.tgz",
      "integrity": "sha1-5QNHYR1+aQlDIIu9r+vLwvuGbUY="
    },
    "babel-runtime": {
      "version": "6.26.0",
      "resolved": "https://registry.npmjs.org/babel-runtime/-/babel-runtime-6.26.0.tgz",
      "integrity": "sha1-llxwWGaOgrVde/4E/yM3vItWR/4=",
      "requires": {
        "core-js": "2.5.7",
        "regenerator-runtime": "0.11.1"
      },
      "dependencies": {
        "core-js": {
          "version": "2.5.7",
          "resolved": "https://registry.npmjs.org/core-js/-/core-js-2.5.7.tgz",
          "integrity": "sha512-RszJCAxg/PP6uzXVXL6BsxSXx/B05oJAQ2vkJRjyjrEcNVycaqOmNb5OTxZPE3xa5gwZduqza6L9JOCenh/Ecw=="
        }
      }
    },
    "base64-js": {
      "version": "1.3.0",
      "resolved": "https://registry.npmjs.org/base64-js/-/base64-js-1.3.0.tgz",
      "integrity": "sha512-ccav/yGvoa80BQDljCxsmmQ3Xvx60/UpBIij5QN21W3wBi/hhIC9OoO+KLpu9IJTS9j4DRVJ3aDDF9cMSoa2lw=="
    },
    "buffer": {
      "version": "5.2.1",
      "resolved": "https://registry.npmjs.org/buffer/-/buffer-5.2.1.tgz",
      "integrity": "sha512-c+Ko0loDaFfuPWiL02ls9Xd3GO3cPVmUobQ6t3rXNUk304u6hGq+8N/kFi+QEIKhzK3uwolVhLzszmfLmMLnqg==",
      "requires": {
        "base64-js": "1.3.0",
        "ieee754": "1.1.12"
      }
    },
    "classnames": {
      "version": "2.2.6",
      "resolved": "https://registry.npmjs.org/classnames/-/classnames-2.2.6.tgz",
      "integrity": "sha512-JR/iSQOSt+LQIWwrwEzJ9uk0xfN3mTVYMwt1Ir5mUcSN6pU+V4zQFFaJsclJbPuAUQH+yfWef6tm7l1quW3C8Q=="
    },
    "codemirror": {
      "version": "5.40.2",
      "resolved": "https://registry.npmjs.org/codemirror/-/codemirror-5.40.2.tgz",
      "integrity": "sha512-yoWuvEiD3v5vTwdoMc/wu/Ld6dh9K/yEiEBTKOPGM+/pN0gTAqFNtrLHv1IJ1UJvzFpNRvMi92XCi3+8/iIaEw=="
    },
    "color": {
      "version": "2.0.1",
      "resolved": "https://registry.npmjs.org/color/-/color-2.0.1.tgz",
      "integrity": "sha512-ubUCVVKfT7r2w2D3qtHakj8mbmKms+tThR8gI8zEYCbUBl8/voqFGt3kgBqGwXAopgXybnkuOq+qMYCRrp4cXw==",
      "requires": {
        "color-convert": "1.9.3",
        "color-string": "1.5.3"
      }
    },
    "color-convert": {
      "version": "1.9.3",
      "resolved": "https://registry.npmjs.org/color-convert/-/color-convert-1.9.3.tgz",
      "integrity": "sha512-QfAUtd+vFdAtFQcC8CCyYt1fYWxSqAiK2cSD6zDB8N3cpsEBAvRxp9zOGg6G/SHHJYAT88/az/IuDGALsNVbGg==",
      "requires": {
        "color-name": "1.1.3"
      }
    },
    "color-name": {
      "version": "1.1.3",
      "resolved": "https://registry.npmjs.org/color-name/-/color-name-1.1.3.tgz",
      "integrity": "sha1-p9BVi9icQveV3UIyj3QIMcpTvCU="
    },
    "color-string": {
      "version": "1.5.3",
      "resolved": "https://registry.npmjs.org/color-string/-/color-string-1.5.3.tgz",
      "integrity": "sha512-dC2C5qeWoYkxki5UAXapdjqO672AM4vZuPGRQfO8b5HKuKGBbKWpITyDYN7TOFKvRW7kOgAn3746clDBMDJyQw==",
      "requires": {
        "color-name": "1.1.3",
        "simple-swizzle": "0.2.2"
      }
    },
    "copy-to-clipboard": {
      "version": "3.0.8",
      "resolved": "https://registry.npmjs.org/copy-to-clipboard/-/copy-to-clipboard-3.0.8.tgz",
      "integrity": "sha512-c3GdeY8qxCHGezVb1EFQfHYK/8NZRemgcTIzPq7PuxjHAf/raKibn2QdhHPb/y6q74PMgH6yizaDZlRmw6QyKw==",
      "requires": {
        "toggle-selection": "1.0.6"
      }
    },
    "core-js": {
      "version": "1.2.7",
      "resolved": "https://registry.npmjs.org/core-js/-/core-js-1.2.7.tgz",
      "integrity": "sha1-ZSKUwUZR2yj6k70tX/KYOk8IxjY="
    },
    "create-react-class": {
      "version": "15.6.3",
      "resolved": "https://registry.npmjs.org/create-react-class/-/create-react-class-15.6.3.tgz",
      "integrity": "sha512-M+/3Q6E6DLO6Yx3OwrWjwHBnvfXXYA7W+dFjt/ZDBemHO1DDZhsalX/NUtnTYclN6GfnBDRh4qRHjcDHmlJBJg==",
      "requires": {
        "fbjs": "0.8.17",
        "loose-envify": "1.4.0",
        "object-assign": "4.1.1"
      }
    },
    "css-color-keywords": {
      "version": "1.0.0",
      "resolved": "https://registry.npmjs.org/css-color-keywords/-/css-color-keywords-1.0.0.tgz",
      "integrity": "sha1-/qJhbcZ2spYmhrOvjb2+GAskTgU="
    },
    "css-to-react-native": {
      "version": "2.2.2",
      "resolved": "https://registry.npmjs.org/css-to-react-native/-/css-to-react-native-2.2.2.tgz",
      "integrity": "sha512-w99Fzop1FO8XKm0VpbQp3y5mnTnaS+rtCvS+ylSEOK76YXO5zoHQx/QMB1N54Cp+Ya9jB9922EHrh14ld4xmmw==",
      "requires": {
        "css-color-keywords": "1.0.0",
        "fbjs": "0.8.17",
        "postcss-value-parser": "3.3.1"
      }
    },
    "debug": {
      "version": "2.6.9",
      "resolved": "https://registry.npmjs.org/debug/-/debug-2.6.9.tgz",
      "integrity": "sha512-bC7ElrdJaJnPbAP+1EotYvqZsb3ecl5wi6Bfi6BJTUcNowp6cvspg0jXznRTKDjm/E7AdgFBVeAPVMNcKGsHMA==",
      "requires": {
        "ms": "2.0.0"
      }
    },
    "deepmerge": {
      "version": "2.2.1",
      "resolved": "https://registry.npmjs.org/deepmerge/-/deepmerge-2.2.1.tgz",
      "integrity": "sha512-R9hc1Xa/NOBi9WRVUWg19rl1UB7Tt4kuPd+thNJgFZoxXsTz7ncaPaeIm+40oSGuP33DfMb4sZt1QIGiJzC4EA=="
    },
    "email-validator": {
      "version": "2.0.4",
      "resolved": "https://registry.npmjs.org/email-validator/-/email-validator-2.0.4.tgz",
      "integrity": "sha512-gYCwo7kh5S3IDyZPLZf6hSS0MnZT8QmJFqYvbqlDZSbwdZlY6QZWxJ4i/6UhITOJ4XzyI647Bm2MXKCLqnJ4nQ=="
    },
    "encoding": {
      "version": "0.1.12",
      "resolved": "https://registry.npmjs.org/encoding/-/encoding-0.1.12.tgz",
      "integrity": "sha1-U4tm8+5izRq1HsMjgp0flIDHS+s=",
      "requires": {
        "iconv-lite": "0.4.24"
      }
    },
    "eventemitter3": {
      "version": "1.2.0",
      "resolved": "https://registry.npmjs.org/eventemitter3/-/eventemitter3-1.2.0.tgz",
      "integrity": "sha1-HIaZHYFq0eUEdQ5zh0Ik7PO+xQg="
    },
    "fbjs": {
      "version": "0.8.17",
      "resolved": "https://registry.npmjs.org/fbjs/-/fbjs-0.8.17.tgz",
      "integrity": "sha1-xNWY6taUkRJlPWWIsBpc3Nn5D90=",
      "requires": {
        "core-js": "1.2.7",
        "isomorphic-fetch": "2.2.1",
        "loose-envify": "1.4.0",
        "object-assign": "4.1.1",
        "promise": "7.3.1",
        "setimmediate": "1.0.5",
        "ua-parser-js": "0.7.18"
      }
    },
    "google-map-react": {
      "version": "1.0.9",
      "resolved": "https://registry.npmjs.org/google-map-react/-/google-map-react-1.0.9.tgz",
      "integrity": "sha512-YgJo9zmmIOFYD7qebi6kGrLxgYKRBw5vJ2w56FMyfeJdOUn8nAVsRyT3Y77LUYU5HO0ykob+br4hhBuQgsg1Ow==",
      "requires": {
        "@mapbox/point-geometry": "0.1.0",
        "eventemitter3": "1.2.0",
        "scriptjs": "2.5.9"
      }
    },
    "graphql": {
      "version": "0.7.2",
      "resolved": "http://registry.npmjs.org/graphql/-/graphql-0.7.2.tgz",
      "integrity": "sha1-zIlKMoIzmbigywErnp7K01zQD3I=",
      "requires": {
        "iterall": "1.0.2"
      }
    },
    "graphql-syntax-highlighter-react": {
      "version": "0.3.5",
      "resolved": "http://registry.npmjs.org/graphql-syntax-highlighter-react/-/graphql-syntax-highlighter-react-0.3.5.tgz",
      "integrity": "sha512-aIeBY4O0NoBpJEDHHJ4I7MGG7Yc8zL1EYYsEMs/lzO8mvC59P5PBRO+JI4TLnDrY2d3LMrsZpRCQBecTlp3DoQ==",
      "requires": {
        "graphql": "0.7.2",
        "prop-types": "15.6.2"
      }
    },
    "has-flag": {
      "version": "1.0.0",
      "resolved": "https://registry.npmjs.org/has-flag/-/has-flag-1.0.0.tgz",
      "integrity": "sha1-nZ55MWXOAXoA8AQYxD+UKnsdEfo="
    },
    "highlight.js": {
      "version": "9.13.1",
      "resolved": "https://registry.npmjs.org/highlight.js/-/highlight.js-9.13.1.tgz",
      "integrity": "sha512-Sc28JNQNDzaH6PORtRLMvif9RSn1mYuOoX3omVjnb0+HbpPygU2ALBI0R/wsiqCb4/fcp07Gdo8g+fhtFrQl6A=="
    },
    "hoist-non-react-statics": {
      "version": "1.2.0",
      "resolved": "https://registry.npmjs.org/hoist-non-react-statics/-/hoist-non-react-statics-1.2.0.tgz",
      "integrity": "sha1-qkSM8JhtVcxAdzsXF0t90GbLfPs="
    },
    "iconv-lite": {
      "version": "0.4.24",
      "resolved": "https://registry.npmjs.org/iconv-lite/-/iconv-lite-0.4.24.tgz",
      "integrity": "sha512-v3MXnZAcvnywkTUEZomIActle7RXXeedOR31wwl7VlyoXO4Qi9arvSenNQWne1TcRwhCL1HwLI21bEqdpj8/rA==",
      "requires": {
        "safer-buffer": "2.1.2"
      }
    },
    "ieee754": {
      "version": "1.1.12",
      "resolved": "https://registry.npmjs.org/ieee754/-/ieee754-1.1.12.tgz",
      "integrity": "sha512-GguP+DRY+pJ3soyIiGPTvdiVXjZ+DbXOxGpXn3eMvNW4x4irjqXm4wHKscC+TfxSJ0yw/S1F24tqdMNsMZTiLA=="
    },
    "in-viewport": {
      "version": "3.6.0",
      "resolved": "https://registry.npmjs.org/in-viewport/-/in-viewport-3.6.0.tgz",
      "integrity": "sha512-MhaJ7Pr3NhUyAfpULysTZZBUAYfJAX1O8PccW2gvXlbQduMrJz7qQQ5yzC7SAr/0g5LbeRk432yNjsLMCnYzJg=="
    },
    "is-arrayish": {
      "version": "0.3.2",
      "resolved": "https://registry.npmjs.org/is-arrayish/-/is-arrayish-0.3.2.tgz",
      "integrity": "sha512-eVRqCvVlZbuw3GrM63ovNSNAeA1K16kaR/LRY/92w0zxQ5/1YzwblUX652i4Xs9RwAGjW9d9y6X88t8OaAJfWQ=="
    },
    "is-plain-object": {
      "version": "2.0.4",
      "resolved": "https://registry.npmjs.org/is-plain-object/-/is-plain-object-2.0.4.tgz",
      "integrity": "sha512-h5PpgXkWitc38BBMYawTYMWJHFZJVnBquFE57xFpjB8pJFiF6gZ+bU+WyI/yqXiFR5mdLsgYNaPe8uao6Uv9Og==",
      "requires": {
        "isobject": "3.0.1"
      }
    },
    "is-stream": {
      "version": "1.1.0",
      "resolved": "https://registry.npmjs.org/is-stream/-/is-stream-1.1.0.tgz",
      "integrity": "sha1-EtSj3U5o4Lec6428hBc66A2RykQ="
    },
    "isobject": {
      "version": "3.0.1",
      "resolved": "https://registry.npmjs.org/isobject/-/isobject-3.0.1.tgz",
      "integrity": "sha1-TkMekrEalzFjaqH5yNHMvP2reN8="
    },
    "isomorphic-fetch": {
      "version": "2.2.1",
      "resolved": "https://registry.npmjs.org/isomorphic-fetch/-/isomorphic-fetch-2.2.1.tgz",
      "integrity": "sha1-YRrhrPFPXoH3KVB0coGf6XM1WKk=",
      "requires": {
        "node-fetch": "1.7.3",
        "whatwg-fetch": "3.0.0"
      },
      "dependencies": {
        "node-fetch": {
          "version": "1.7.3",
          "resolved": "https://registry.npmjs.org/node-fetch/-/node-fetch-1.7.3.tgz",
          "integrity": "sha512-NhZ4CsKx7cYm2vSrBAr2PvFOe6sWDf0UYLRqA6svUYg7+/TSfVAu49jYC4BvQ4Sms9SZgdqGBgroqfDhJdTyKQ==",
          "requires": {
            "encoding": "0.1.12",
            "is-stream": "1.1.0"
          }
        }
      }
    },
    "iterall": {
      "version": "1.0.2",
      "resolved": "https://registry.npmjs.org/iterall/-/iterall-1.0.2.tgz",
      "integrity": "sha1-QaLpbOntpeYcdn7l3DEjc7sEbpE="
    },
    "js-tokens": {
      "version": "4.0.0",
      "resolved": "https://registry.npmjs.org/js-tokens/-/js-tokens-4.0.0.tgz",
      "integrity": "sha512-RdJUflcE3cUzKiMqQgsCu06FPu9UdIJO0beYbPhHN4k6apgJtifcoCtT9bcxOpYBtpD2kCM6Sbzg4CausW/PKQ=="
    },
    "jsonp": {
      "version": "0.2.1",
      "resolved": "https://registry.npmjs.org/jsonp/-/jsonp-0.2.1.tgz",
      "integrity": "sha1-pltPoPEL2nGaBUQep7lMVfPhW64=",
      "requires": {
        "debug": "2.6.9"
      }
    },
    "load-script": {
      "version": "1.0.0",
      "resolved": "https://registry.npmjs.org/load-script/-/load-script-1.0.0.tgz",
      "integrity": "sha1-BJGTngvuVkPuSUp+PaPSuscMbKQ="
    },
    "lodash.clonedeep": {
      "version": "4.5.0",
      "resolved": "https://registry.npmjs.org/lodash.clonedeep/-/lodash.clonedeep-4.5.0.tgz",
      "integrity": "sha1-4j8/nE+Pvd6HJSnBBxhXoIblzO8="
    },
    "lodash.debounce": {
      "version": "4.0.8",
      "resolved": "https://registry.npmjs.org/lodash.debounce/-/lodash.debounce-4.0.8.tgz",
      "integrity": "sha1-gteb/zCmfEAF/9XiUVMArZyk168="
    },
    "lodash.isequal": {
      "version": "4.5.0",
      "resolved": "https://registry.npmjs.org/lodash.isequal/-/lodash.isequal-4.5.0.tgz",
      "integrity": "sha1-QVxEePK8wwEgwizhDtMib30+GOA="
    },
    "loose-envify": {
      "version": "1.4.0",
      "resolved": "https://registry.npmjs.org/loose-envify/-/loose-envify-1.4.0.tgz",
      "integrity": "sha512-lyuxPGr/Wfhrlem2CL/UcnUc1zcqKAImBDzukY7Y5F/yQiNdko6+fRLevlw1HgMySw7f611UIY408EtxRSoK3Q==",
      "requires": {
        "js-tokens": "4.0.0"
      }
    },
    "ms": {
      "version": "2.0.0",
      "resolved": "https://registry.npmjs.org/ms/-/ms-2.0.0.tgz",
      "integrity": "sha1-VgiurfwAvmwpAd9fmGF4jeDVl8g="
    },
    "node-fetch": {
      "version": "2.2.0",
      "resolved": "https://registry.npmjs.org/node-fetch/-/node-fetch-2.2.0.tgz",
      "integrity": "sha512-OayFWziIxiHY8bCUyLX6sTpDH8Jsbp4FfYd1j1f7vZyfgkcOnAyM4oQR16f8a0s7Gl/viMGRey8eScYk4V4EZA=="
    },
    "object-assign": {
      "version": "4.1.1",
      "resolved": "https://registry.npmjs.org/object-assign/-/object-assign-4.1.1.tgz",
      "integrity": "sha1-IQmtx5ZYh8/AXLvUQsrIv7s2CGM="
    },
    "postcss-value-parser": {
      "version": "3.3.1",
      "resolved": "https://registry.npmjs.org/postcss-value-parser/-/postcss-value-parser-3.3.1.tgz",
      "integrity": "sha512-pISE66AbVkp4fDQ7VHBwRNXzAAKJjw4Vw7nWI/+Q3vuly7SNfgYXvm6i5IgFylHGK5sP/xHAbB7N49OS4gWNyQ=="
    },
    "promise": {
      "version": "7.3.1",
      "resolved": "https://registry.npmjs.org/promise/-/promise-7.3.1.tgz",
      "integrity": "sha512-nolQXZ/4L+bP/UGlkfaIujX9BKxGwmQ9OT4mOt5yvy8iK1h3wqTEJCijzGANTCCl9nWjY41juyAn2K3Q1hLLTg==",
      "requires": {
        "asap": "2.0.6"
      }
    },
    "prop-types": {
      "version": "15.6.2",
      "resolved": "https://registry.npmjs.org/prop-types/-/prop-types-15.6.2.tgz",
      "integrity": "sha512-3pboPvLiWD7dkI3qf3KbUe6hKFKa52w+AE0VCqECtf+QHAKgOL37tTaNCnuX1nAAQ4ZhyP+kYVKf8rLmJ/feDQ==",
      "requires": {
        "loose-envify": "1.4.0",
        "object-assign": "4.1.1"
      }
    },
    "react-codemirror": {
      "version": "1.0.0",
      "resolved": "https://registry.npmjs.org/react-codemirror/-/react-codemirror-1.0.0.tgz",
      "integrity": "sha1-kUZ7U7H12A2Rai/QtMetuFqQAbo=",
      "requires": {
        "classnames": "2.2.6",
        "codemirror": "5.40.2",
        "create-react-class": "15.6.3",
        "lodash.debounce": "4.0.8",
        "lodash.isequal": "4.5.0",
        "prop-types": "15.6.2"
      }
    },
    "react-copy-to-clipboard": {
      "version": "5.0.1",
      "resolved": "https://registry.npmjs.org/react-copy-to-clipboard/-/react-copy-to-clipboard-5.0.1.tgz",
      "integrity": "sha512-ELKq31/E3zjFs5rDWNCfFL4NvNFQvGRoJdAKReD/rUPA+xxiLPQmZBZBvy2vgH7V0GE9isIQpT9WXbwIVErYdA==",
      "requires": {
        "copy-to-clipboard": "3.0.8",
        "prop-types": "15.6.2"
      }
    },
    "react-flags-select": {
      "version": "1.1.9",
      "resolved": "https://registry.npmjs.org/react-flags-select/-/react-flags-select-1.1.9.tgz",
      "integrity": "sha512-tGdTBTGZeiDitZ4RZ4ZIVYRRQ6/EUIPPc3zt6nkGNG/4APme8JjLshWA6+Z0sD4wTEAawokYZT6gOYyqhYncAg==",
      "requires": {
        "prop-types": "15.6.2"
      }
    },
    "react-ga": {
      "version": "2.5.3",
      "resolved": "https://registry.npmjs.org/react-ga/-/react-ga-2.5.3.tgz",
      "integrity": "sha512-25wvPv1PVLDLhw1gEYP33h0V2sJHahKMfUCAxhq8JPYmNQwx1fcjJAkJk+WmSqGN93lHLhExDkxy3SQizQnx3A==",
      "requires": {
        "prop-types": "15.6.2",
        "react": "16.6.0"
      },
      "dependencies": {
        "react": {
          "version": "16.6.0",
          "resolved": "https://registry.npmjs.org/react/-/react-16.6.0.tgz",
          "integrity": "sha512-zJPnx/jKtuOEXCbQ9BKaxDMxR0001/hzxXwYxG8septeyYGfsgAei6NgfbVgOhbY1WOP2o3VPs/E9HaN+9hV3Q==",
          "optional": true,
          "requires": {
            "loose-envify": "1.4.0",
            "object-assign": "4.1.1",
            "prop-types": "15.6.2",
            "scheduler": "0.10.0"
          }
        }
      }
    },
    "react-gif-player": {
      "version": "0.4.1",
      "resolved": "https://registry.npmjs.org/react-gif-player/-/react-gif-player-0.4.1.tgz",
      "integrity": "sha512-14HMggZUXhjqXnveJac/DIcxoc8jeCqZA4psynsJz9+jb4C0N+8hKyCykShrpPVZAAmShKSWsTMHPE37XDAA9g==",
      "requires": {
        "prop-types": "15.6.2"
      }
    },
    "react-json-pretty": {
      "version": "1.7.9",
      "resolved": "https://registry.npmjs.org/react-json-pretty/-/react-json-pretty-1.7.9.tgz",
      "integrity": "sha512-5ATsy6b/+0OvaJqDEXl6afvgg09O3/L+U5kglE+lGMu/3hVcgGPM2jqMcqqr2eAANROvX9ewKQXDh5huDljFfg==",
      "requires": {
        "create-react-class": "15.6.3"
      }
    },
    "react-lazy-hero": {
      "version": "0.4.0",
      "resolved": "http://registry.npmjs.org/react-lazy-hero/-/react-lazy-hero-0.4.0.tgz",
      "integrity": "sha512-fGiznPzpKd4hbV28HODS8K6W2cvCdSZahUrPCzcHu+eb3knHfMMJl4psz1XO2Paq7jNq3QbGc5FmWZE/TAf7gg==",
      "requires": {
        "color": "2.0.1",
        "in-viewport": "3.6.0",
        "prop-types": "15.6.2",
        "styled-components": "2.4.1"
      }
    },
    "react-particles-js": {
      "version": "2.3.0",
      "resolved": "https://registry.npmjs.org/react-particles-js/-/react-particles-js-2.3.0.tgz",
      "integrity": "sha512-QvMLbqGAljhYG8EF3bdqJeIJAdO4Mng6j3yNVKvCn+KstbXYizcwGDzief2olFKHHxFo9C+efu+NFH62sMPvIw==",
      "requires": {
        "lodash.clonedeep": "4.5.0"
      }
    },
    "react-player": {
      "version": "1.6.6",
      "resolved": "https://registry.npmjs.org/react-player/-/react-player-1.6.6.tgz",
      "integrity": "sha512-Y9/ioqGIGomF1ydFNkqlxdkf4TOcjJ3Yw8LJmU/PXcL0glIRNRepmISP3OvVsGYs9i5omZZosy8VnvyRsd/pwg==",
      "requires": {
        "deepmerge": "2.2.1",
        "load-script": "1.0.0",
        "prop-types": "15.6.2"
      }
    },
    "react-share": {
      "version": "2.3.1",
      "resolved": "https://registry.npmjs.org/react-share/-/react-share-2.3.1.tgz",
      "integrity": "sha512-iLUQwCaeVgOkXJxa+8B0iyIIlUajY6BxO9TRb2j8erM+q1ORe0akQZ1gtjEfWYMG4UnGTMU1fOstqes+X0AStw==",
      "requires": {
        "babel-runtime": "6.26.0",
        "classnames": "2.2.6",
        "jsonp": "0.2.1",
        "prop-types": "15.6.2"
      }
    },
    "react-stepzilla": {
      "version": "4.7.3",
      "resolved": "https://registry.npmjs.org/react-stepzilla/-/react-stepzilla-4.7.3.tgz",
      "integrity": "sha512-zdcZKWEG+DdAC1FjTaxaGzbo2OS0/uGsaqMo3yL8zxWNnp0IFaL6kklgT8+bNeHRZAnjfHm/0e3TTICYaeG0LQ=="
    },
    "regenerator-runtime": {
      "version": "0.11.1",
      "resolved": "https://registry.npmjs.org/regenerator-runtime/-/regenerator-runtime-0.11.1.tgz",
      "integrity": "sha512-MguG95oij0fC3QV3URf4V2SDYGJhJnJGqvIIgdECeODCT98wSWDAJ94SSuVpYQUoTcGUIL6L4yNB7j1DFFHSBg=="
    },
    "safer-buffer": {
      "version": "2.1.2",
      "resolved": "https://registry.npmjs.org/safer-buffer/-/safer-buffer-2.1.2.tgz",
      "integrity": "sha512-YZo3K82SD7Riyi0E1EQPojLz7kpepnSQI9IyPbHHg1XXXevb5dJI7tpyN2ADxGcQbHG7vcyRHk0cbwqcQriUtg=="
    },
    "scheduler": {
      "version": "0.10.0",
      "resolved": "https://registry.npmjs.org/scheduler/-/scheduler-0.10.0.tgz",
      "integrity": "sha512-+TSTVTCBAA3h8Anei3haDc1IRwMeDmtI/y/o3iBe3Mjl2vwYF9DtPDt929HyRmV/e7au7CLu8sc4C4W0VOs29w==",
      "requires": {
        "loose-envify": "1.4.0",
        "object-assign": "4.1.1"
      }
    },
    "scriptjs": {
      "version": "2.5.9",
      "resolved": "https://registry.npmjs.org/scriptjs/-/scriptjs-2.5.9.tgz",
      "integrity": "sha512-qGVDoreyYiP1pkQnbnFAUIS5AjenNwwQBdl7zeos9etl+hYKWahjRTfzAZZYBv5xNHx7vNKCmaLDQZ6Fr2AEXg=="
    },
    "setimmediate": {
      "version": "1.0.5",
      "resolved": "https://registry.npmjs.org/setimmediate/-/setimmediate-1.0.5.tgz",
      "integrity": "sha1-KQy7Iy4waULX1+qbg3Mqt4VvgoU="
    },
    "simple-swizzle": {
      "version": "0.2.2",
      "resolved": "https://registry.npmjs.org/simple-swizzle/-/simple-swizzle-0.2.2.tgz",
      "integrity": "sha1-pNprY1/8zMoz9w0Xy5JZLeleVXo=",
      "requires": {
        "is-arrayish": "0.3.2"
      }
    },
    "styled-components": {
      "version": "2.4.1",
      "resolved": "https://registry.npmjs.org/styled-components/-/styled-components-2.4.1.tgz",
      "integrity": "sha1-ZjvQSF1LarRvlGIQ3APSOY0a3nQ=",
      "requires": {
        "buffer": "5.2.1",
        "css-to-react-native": "2.2.2",
        "fbjs": "0.8.17",
        "hoist-non-react-statics": "1.2.0",
        "is-plain-object": "2.0.4",
        "prop-types": "15.6.2",
        "stylis": "3.5.3",
        "supports-color": "3.2.3"
      }
    },
    "stylis": {
      "version": "3.5.3",
      "resolved": "https://registry.npmjs.org/stylis/-/stylis-3.5.3.tgz",
      "integrity": "sha512-TxU0aAscJghF9I3V9q601xcK3Uw1JbXvpsBGj/HULqexKOKlOEzzlIpLFRbKkCK990ccuxfXUqmPbIIo7Fq/cQ=="
    },
    "supports-color": {
      "version": "3.2.3",
      "resolved": "https://registry.npmjs.org/supports-color/-/supports-color-3.2.3.tgz",
      "integrity": "sha1-ZawFBLOVQXHYpklGsq48u4pfVPY=",
      "requires": {
        "has-flag": "1.0.0"
      }
    },
    "toggle-selection": {
      "version": "1.0.6",
      "resolved": "https://registry.npmjs.org/toggle-selection/-/toggle-selection-1.0.6.tgz",
      "integrity": "sha1-bkWxJj8gF/oKzH2J14sVuL932jI="
    },
    "ua-parser-js": {
      "version": "0.7.18",
      "resolved": "https://registry.npmjs.org/ua-parser-js/-/ua-parser-js-0.7.18.tgz",
      "integrity": "sha512-LtzwHlVHwFGTptfNSgezHp7WUlwiqb0gA9AALRbKaERfxwJoiX0A73QbTToxteIAuIaFshhgIZfqK8s7clqgnA=="
    },
    "whatwg-fetch": {
      "version": "3.0.0",
      "resolved": "https://registry.npmjs.org/whatwg-fetch/-/whatwg-fetch-3.0.0.tgz",
      "integrity": "sha512-9GSJUgz1D4MfyKU7KRqwOjXCXTqWdFNvEr7eUBYchQiVc744mqK/MzXPNR2WsPkmkOa4ywfg8C2n8h+13Bey1Q=="
    }
  }
}
